
Microsoft Visual Studio Solution File, Format Version 12.00
# Visual Studio Version 16
VisualStudioVersion = 16.0.30503.244
MinimumVisualStudioVersion = 10.0.40219.1
Project("{FAE04EC0-301F-11D3-BF4B-00C04F79EFBC}") = "AgeOfVillagersTest", "AgeOfVillagersTest\AgeOfVillagersTest.csproj", "{24292F96-B68F-49CF-94B1-5BC02B2EEAE0}"
EndProject
Global
	GlobalSection(SolutionConfigurationPlatforms) = preSolution
		Debug|Any CPU = Debug|Any CPU
		Release|Any CPU = Release|Any CPU
	EndGlobalSection
	GlobalSection(ProjectConfigurationPlatforms) = postSolution
		{24292F96-B68F-49CF-94B1-5BC02B2EEAE0}.Debug|Any CPU.ActiveCfg = Debug|Any CPU
		{24292F96-B68F-49CF-94B1-5BC02B2EEAE0}.Debug|Any CPU.Build.0 = Debug|Any CPU
		{24292F96-B68F-49CF-94B1-5BC02B2EEAE0}.Release|Any CPU.ActiveCfg = Release|Any CPU
		{24292F96-B68F-49CF-94B1-5BC02B2EEAE0}.Release|Any CPU.Build.0 = Release|Any CPU
	EndGlobalSection
	GlobalSection(SolutionProperties) = preSolution
		HideSolutionNode = FALSE
	EndGlobalSection
	GlobalSection(ExtensibilityGlobals) = postSolution
		SolutionGuid = {C689C8DE-59B2-4406-8E17-BC945D321B93}
	EndGlobalSection
EndGlobal
